<?xml version="1.0" encoding="utf-8"?>
<Project ToolsVersion="4.0" xmlns="http://schemas.microsoft.com/developer/msbuild/2003">
  <ItemGroup>
    <Filter Include="01. Application">
      <UniqueIdentifier>{0500183a-ff53-40c6-9eb0-6809fd37c004}</UniqueIdentifier>
    </Filter>
    <Filter Include="98. Utiles">
      <UniqueIdentifier>{ac410b82-6cce-42c3-9b61-a2a0a2fc37cb}</UniqueIdentifier>
    </Filter>
    <Filter Include="03. Windows">
      <UniqueIdentifier>{c9beee48-891d-49a4-a910-b289ab2978b8}</UniqueIdentifier>
    </Filter>
    <Filter Include="04. Timer">
      <UniqueIdentifier>{94ec8797-7ab3-4425-bfbe-bc60b52945be}</UniqueIdentifier>
    </Filter>
    <Filter Include="02. Engine">
      <UniqueIdentifier>{1bc1ef22-88fa-421e-9403-385d58be5d2c}</UniqueIdentifier>
    </Filter>
    <Filter Include="98. Utiles\TypeID">
      <UniqueIdentifier>{d994e033-96e3-44b7-9b12-2c20fe1ae980}</UniqueIdentifier>
    </Filter>
    <Filter Include="06. Renderer">
      <UniqueIdentifier>{907557ff-b3d7-4805-8add-d531627f6411}</UniqueIdentifier>
    </Filter>
    <Filter Include="05. Input">
      <UniqueIdentifier>{b94913fb-b130-4df8-a20a-3aa19b8ad79c}</UniqueIdentifier>
    </Filter>
    <Filter Include="99. Base">
      <UniqueIdentifier>{16a821a0-c4f6-4ba2-b873-b91da5cecb41}</UniqueIdentifier>
      <Extensions>.h</Extensions>
    </Filter>
    <Filter Include="07. GUI">
      <UniqueIdentifier>{a37ff62f-e688-4353-9caf-e970df78d927}</UniqueIdentifier>
    </Filter>
    <Filter Include="07. GUI\ThirdParty">
      <UniqueIdentifier>{8015412a-1485-48b4-bcf5-d74e816a7be5}</UniqueIdentifier>
    </Filter>
    <Filter Include="08. Resource">
      <UniqueIdentifier>{baf428ad-91d6-4ff5-8c0a-6a0277008c5e}</UniqueIdentifier>
    </Filter>
    <Filter Include="08. Resource\Texture">
      <UniqueIdentifier>{668818fb-badd-406b-bd67-efc0eb23d3c8}</UniqueIdentifier>
    </Filter>
    <Filter Include="08. Resource\Sprite">
      <UniqueIdentifier>{17221a5e-ba19-4ae0-b113-38f1d491a43b}</UniqueIdentifier>
    </Filter>
    <Filter Include="08. Resource\Flipbook">
      <UniqueIdentifier>{a2eb30a1-98fb-4961-bae4-bc5802b28a94}</UniqueIdentifier>
    </Filter>
    <Filter Include="08. Resource\Core">
      <UniqueIdentifier>{bd1d894f-3566-48d4-ad3e-7d8072b94693}</UniqueIdentifier>
    </Filter>
    <Filter Include="09. Scene">
      <UniqueIdentifier>{ad7f8453-6d19-4d3e-8f89-616cc868244e}</UniqueIdentifier>
    </Filter>
    <Filter Include="09. Scene\Core">
      <UniqueIdentifier>{6f72314e-09ea-45f3-a109-61a973d0560a}</UniqueIdentifier>
    </Filter>
    <Filter Include="10. GameEntity">
      <UniqueIdentifier>{188b1e91-89dd-4429-ad7a-455226257f0b}</UniqueIdentifier>
    </Filter>
    <Filter Include="06. Renderer\ConstantBuffer">
      <UniqueIdentifier>{cf8a9746-42b2-433f-8725-dc4f517e4817}</UniqueIdentifier>
    </Filter>
    <Filter Include="06. Renderer\Core">
      <UniqueIdentifier>{aa4907c4-3971-4903-8b30-d620f70c9ec9}</UniqueIdentifier>
    </Filter>
    <Filter Include="06. Renderer\Geometry">
      <UniqueIdentifier>{1c4af463-4d3e-49f5-8255-da01eafbc35a}</UniqueIdentifier>
    </Filter>
    <Filter Include="06. Renderer\Geometry\VertexBuffer">
      <UniqueIdentifier>{d9a0d8cf-6cb5-426c-b2c7-bbbc71ea2f8b}</UniqueIdentifier>
    </Filter>
    <Filter Include="06. Renderer\Geometry\IndexBuffer">
      <UniqueIdentifier>{40dbf78c-98a1-4b86-8ae3-bec306ea72d0}</UniqueIdentifier>
    </Filter>
    <Filter Include="06. Renderer\Viewport">
      <UniqueIdentifier>{675cadc8-a722-4fae-8929-f06cf330e12c}</UniqueIdentifier>
    </Filter>
    <Filter Include="06. Renderer\Pipeline">
      <UniqueIdentifier>{acc18251-7ed3-4f83-9331-1dc5bcf51802}</UniqueIdentifier>
    </Filter>
    <Filter Include="06. Renderer\RenderState">
      <UniqueIdentifier>{2f2f1068-1538-4164-82e3-7dbe873c0feb}</UniqueIdentifier>
    </Filter>
    <Filter Include="06. Renderer\VertexData">
      <UniqueIdentifier>{b4d538ab-8678-4fd6-b5d7-5eeb7bc74239}</UniqueIdentifier>
    </Filter>
    <Filter Include="07. GUI\Core">
      <UniqueIdentifier>{303d15bd-ffcc-45fa-861a-049f7e0683f1}</UniqueIdentifier>
    </Filter>
    <Filter Include="07. GUI\GuiHelper">
      <UniqueIdentifier>{3a5d5d4e-f10c-484e-b7fe-299df00e93a0}</UniqueIdentifier>
    </Filter>
    <Filter Include="07. GUI\Gui">
      <UniqueIdentifier>{34e5832e-beeb-4fa2-acc6-9ded346df250}</UniqueIdentifier>
    </Filter>
    <Filter Include="97. Log">
      <UniqueIdentifier>{bce551ab-0dfa-450f-aded-781e23270d31}</UniqueIdentifier>
    </Filter>
    <Filter Include="08. Resource\CommonShader">
      <UniqueIdentifier>{4314ae77-f525-4473-879e-3cbfcbcd7db5}</UniqueIdentifier>
    </Filter>
    <Filter Include="06. Renderer\Shader">
      <UniqueIdentifier>{11241f0e-2d29-4136-8bff-5b037f1b0b1f}</UniqueIdentifier>
    </Filter>
    <Filter Include="06. Renderer\Shader\PixelShader">
      <UniqueIdentifier>{39f4c759-6334-4a3e-b3bb-6f0b0efa42cc}</UniqueIdentifier>
    </Filter>
    <Filter Include="06. Renderer\Shader\VertexShader">
      <UniqueIdentifier>{8cf75ed1-c86e-4fee-9237-5a4ad0fa03be}</UniqueIdentifier>
    </Filter>
    <Filter Include="08. Resource\ShaderProgram">
      <UniqueIdentifier>{c061f43f-6584-40b3-8e32-a940fdee2047}</UniqueIdentifier>
    </Filter>
    <Filter Include="07. GUI\GuiFrame">
      <UniqueIdentifier>{b869148c-58eb-4fbd-96e5-4fbe4920bba1}</UniqueIdentifier>
    </Filter>
    <Filter Include="96. EngineViewer">
      <UniqueIdentifier>{34d6fa18-88bc-4fd2-a2d1-9148bb86c6c6}</UniqueIdentifier>
    </Filter>
    <Filter Include="96. EngineViewer\EngineVoidPopup">
      <UniqueIdentifier>{1046cc68-05e2-4630-b107-a3a5729b42ee}</UniqueIdentifier>
    </Filter>
    <Filter Include="95. SystemMonior">
      <UniqueIdentifier>{beaac227-4ca6-4acd-a0d3-6b6d9bbf6740}</UniqueIdentifier>
    </Filter>
    <Filter Include="96. EngineViewer\EngineOverlay">
      <UniqueIdentifier>{2e1654a0-9d46-4e65-bca5-b16fac61ba5d}</UniqueIdentifier>
    </Filter>
    <Filter Include="96. EngineViewer\EngineSceneEditor">
      <UniqueIdentifier>{05c69544-dc42-41fc-a6c4-ebf0ec697adc}</UniqueIdentifier>
    </Filter>
    <Filter Include="96. EngineViewer\EngineLogViewer">
      <UniqueIdentifier>{80390593-db48-4595-a277-e07272745a74}</UniqueIdentifier>
    </Filter>
    <Filter Include="96. EngineViewer\EngineDebugViewer">
      <UniqueIdentifier>{24790438-8ecc-418c-bf0a-a62c1ef2cbe5}</UniqueIdentifier>
    </Filter>
    <Filter Include="94. ConfigEngine">
      <UniqueIdentifier>{031f8f36-4a0f-4fa0-bb44-545e29310c8b}</UniqueIdentifier>
    </Filter>
    <Filter Include="11. Component">
      <UniqueIdentifier>{9d29ae04-af3f-4e29-8994-095f55173af4}</UniqueIdentifier>
    </Filter>
    <Filter Include="12. System">
      <UniqueIdentifier>{318266a7-0812-4551-a1d0-ade588d3539f}</UniqueIdentifier>
    </Filter>
  </ItemGroup>
  <ItemGroup>
    <ClInclude Include="Types.h">
      <Filter>99. Base</Filter>
    </ClInclude>
    <ClInclude Include="EngineAssertion.h">
      <Filter>99. Base</Filter>
    </ClInclude>
    <ClInclude Include="EngineMacro.h">
      <Filter>99. Base</Filter>
    </ClInclude>
    <ClInclude Include="imgui\imgui.h">
      <Filter>07. GUI\ThirdParty</Filter>
    </ClInclude>
    <ClInclude Include="imgui\imgui_impl_dx11.h">
      <Filter>07. GUI\ThirdParty</Filter>
    </ClInclude>
    <ClInclude Include="imgui\imgui_impl_win32.h">
      <Filter>07. GUI\ThirdParty</Filter>
    </ClInclude>
    <ClInclude Include="imgui\imgui_internal.h">
      <Filter>07. GUI\ThirdParty</Filter>
    </ClInclude>
    <ClInclude Include="imgui\imconfig.h">
      <Filter>07. GUI\ThirdParty</Filter>
    </ClInclude>
    <ClInclude Include="..\..\..\..\Desktop\Jiwoo\imgui\imstb_truetype.h">
      <Filter>07. GUI\ThirdParty</Filter>
    </ClInclude>
    <ClInclude Include="..\..\..\..\Desktop\Jiwoo\imgui\imstb_rectpack.h">
      <Filter>07. GUI\ThirdParty</Filter>
    </ClInclude>
    <ClInclude Include="..\..\..\..\Desktop\Jiwoo\imgui\imstb_textedit.h">
      <Filter>07. GUI\ThirdParty</Filter>
    </ClInclude>
    <ClInclude Include="imguiInc.h">
      <Filter>07. GUI</Filter>
    </ClInclude>
    <ClInclude Include="Colors.h">
      <Filter>99. Base</Filter>
    </ClInclude>
    <ClInclude Include="Enums.h">
      <Filter>99. Base</Filter>
    </ClInclude>
    <ClInclude Include="ImGuiHelper.h">
      <Filter>07. GUI\GuiHelper</Filter>
    </ClInclude>
    <ClInclude Include="Timer.h">
      <Filter>04. Timer</Filter>
    </ClInclude>
    <ClInclude Include="EngineAlgorithm.h">
      <Filter>98. Utiles</Filter>
    </ClInclude>
    <ClInclude Include="EngineCore.h">
      <Filter>02. Engine</Filter>
    </ClInclude>
    <ClInclude Include="Scene.h">
      <Filter>09. Scene</Filter>
    </ClInclude>
    <ClInclude Include="TypeID.h">
      <Filter>98. Utiles\TypeID</Filter>
    </ClInclude>
    <ClInclude Include="EngineMath.h">
      <Filter>98. Utiles</Filter>
    </ClInclude>
    <ClInclude Include="Sprite.h">
      <Filter>08. Resource\Sprite</Filter>
    </ClInclude>
    <ClInclude Include="Flipbook.h">
      <Filter>08. Resource\Flipbook</Filter>
    </ClInclude>
    <ClInclude Include="SceneManager.h">
      <Filter>09. Scene\Core</Filter>
    </ClInclude>
    <ClInclude Include="ResourceManager.h">
      <Filter>08. Resource\Core</Filter>
    </ClInclude>
    <ClInclude Include="Application.h">
      <Filter>01. Application</Filter>
    </ClInclude>
    <ClInclude Include="Log.h">
      <Filter>97. Log</Filter>
    </ClInclude>
    <ClInclude Include="EnginePch.h">
      <Filter>99. Base</Filter>
    </ClInclude>
    <ClInclude Include="GameWindow.h">
      <Filter>03. Windows</Filter>
    </ClInclude>
    <ClInclude Include="WindowProc.h">
      <Filter>03. Windows</Filter>
    </ClInclude>
    <ClInclude Include="Input.h">
      <Filter>05. Input</Filter>
    </ClInclude>
    <ClInclude Include="Renderer.h">
      <Filter>06. Renderer\Core</Filter>
    </ClInclude>
    <ClInclude Include="Pipeline.h">
      <Filter>06. Renderer\Pipeline</Filter>
    </ClInclude>
    <ClInclude Include="RenderStatePool.h">
      <Filter>06. Renderer\RenderState</Filter>
    </ClInclude>
    <ClInclude Include="VertexBuffer.h">
      <Filter>06. Renderer\Geometry\VertexBuffer</Filter>
    </ClInclude>
    <ClInclude Include="IndexBuffer.h">
      <Filter>06. Renderer\Geometry\IndexBuffer</Filter>
    </ClInclude>
    <ClInclude Include="Geometry.h">
      <Filter>06. Renderer\Geometry</Filter>
    </ClInclude>
    <ClInclude Include="VertexShader.h">
      <Filter>06. Renderer\Shader\VertexShader</Filter>
    </ClInclude>
    <ClInclude Include="PixelShader.h">
      <Filter>06. Renderer\Shader\PixelShader</Filter>
    </ClInclude>
    <ClInclude Include="ConstantBuffer.h">
      <Filter>06. Renderer\ConstantBuffer</Filter>
    </ClInclude>
    <ClInclude Include="VertexData.h">
      <Filter>06. Renderer\VertexData</Filter>
    </ClInclude>
    <ClInclude Include="Shader.h">
      <Filter>06. Renderer\Shader</Filter>
    </ClInclude>
    <ClInclude Include="Viewport.h">
      <Filter>06. Renderer\Viewport</Filter>
    </ClInclude>
    <ClInclude Include="ConstantBufferBase.h">
      <Filter>06. Renderer\ConstantBuffer</Filter>
    </ClInclude>
    <ClInclude Include="GuiRenderer.h">
      <Filter>07. GUI\Core</Filter>
    </ClInclude>
    <ClInclude Include="Gui.h">
      <Filter>07. GUI\Gui</Filter>
    </ClInclude>
    <ClInclude Include="Texture.h">
      <Filter>08. Resource\Texture</Filter>
    </ClInclude>
    <ClInclude Include="ConstantBufferPool.h">
      <Filter>06. Renderer\ConstantBuffer</Filter>
    </ClInclude>
    <ClInclude Include="ConstantBufferData.h">
      <Filter>06. Renderer\ConstantBuffer</Filter>
    </ClInclude>
    <ClInclude Include="ResourceBase.h">
      <Filter>08. Resource\Core</Filter>
    </ClInclude>
    <ClInclude Include="ShaderSet.h">
      <Filter>08. Resource\ShaderProgram</Filter>
    </ClInclude>
    <ClInclude Include="BatchSystem.h">
      <Filter>98. Utiles</Filter>
    </ClInclude>
    <ClInclude Include="Pointer.h">
      <Filter>99. Base</Filter>
    </ClInclude>
    <ClInclude Include="EngineViewer.h">
      <Filter>96. EngineViewer</Filter>
    </ClInclude>
    <ClInclude Include="GuiFrame.h">
      <Filter>07. GUI\GuiFrame</Filter>
    </ClInclude>
    <ClInclude Include="EngineVoidPopup.h">
      <Filter>96. EngineViewer\EngineVoidPopup</Filter>
    </ClInclude>
    <ClInclude Include="EngineDebugViewer.h">
      <Filter>96. EngineViewer\EngineDebugViewer</Filter>
    </ClInclude>
    <ClInclude Include="SystemMonitor.h">
      <Filter>95. SystemMonior</Filter>
    </ClInclude>
    <ClInclude Include="JsonOverload.h">
      <Filter>98. Utiles</Filter>
    </ClInclude>
    <ClInclude Include="EngineOverlay.h">
      <Filter>96. EngineViewer\EngineOverlay</Filter>
    </ClInclude>
    <ClInclude Include="EngineSceneEditor.h">
      <Filter>96. EngineViewer\EngineSceneEditor</Filter>
    </ClInclude>
    <ClInclude Include="ConfigBase.h">
      <Filter>94. ConfigEngine</Filter>
    </ClInclude>
    <ClInclude Include="EngineLogViewer.h">
      <Filter>96. EngineViewer\EngineLogViewer</Filter>
    </ClInclude>
    <ClInclude Include="ConfigEngine.h">
      <Filter>94. ConfigEngine</Filter>
    </ClInclude>
    <ClInclude Include="RenderState.h">
      <Filter>06. Renderer\RenderState</Filter>
    </ClInclude>
    <ClInclude Include="SpriteRender.h">
      <Filter>11. Component</Filter>
    </ClInclude>
    <ClInclude Include="FlipbookRender.h">
      <Filter>11. Component</Filter>
    </ClInclude>
    <ClInclude Include="GeometryRender.h">
      <Filter>11. Component</Filter>
    </ClInclude>
    <ClInclude Include="Name.h">
      <Filter>11. Component</Filter>
    </ClInclude>
    <ClInclude Include="Camera.h">
      <Filter>11. Component</Filter>
    </ClInclude>
    <ClInclude Include="Transform.h">
      <Filter>11. Component</Filter>
    </ClInclude>
    <ClInclude Include="GameEntity.h">
      <Filter>10. GameEntity</Filter>
    </ClInclude>
    <ClInclude Include="FlipbookRenderSystem.h">
      <Filter>12. System</Filter>
    </ClInclude>
    <ClInclude Include="GeometryRenderSystem.h">
      <Filter>12. System</Filter>
    </ClInclude>
    <ClInclude Include="PrimitiveGeometry.h">
      <Filter>12. System</Filter>
    </ClInclude>
    <ClInclude Include="SpriteRenderSystem.h">
      <Filter>12. System</Filter>
    </ClInclude>
  </ItemGroup>
  <ItemGroup>
    <ClCompile Include="EngineAssertion.cpp">
      <Filter>99. Base</Filter>
    </ClCompile>
    <ClCompile Include="Application.cpp">
      <Filter>01. Application</Filter>
    </ClCompile>
    <ClCompile Include="imgui\imgui.cpp">
      <Filter>07. GUI\ThirdParty</Filter>
    </ClCompile>
    <ClCompile Include="imgui\imgui_draw.cpp">
      <Filter>07. GUI\ThirdParty</Filter>
    </ClCompile>
    <ClCompile Include="imgui\imgui_impl_dx11.cpp">
      <Filter>07. GUI\ThirdParty</Filter>
    </ClCompile>
    <ClCompile Include="imgui\imgui_impl_win32.cpp">
      <Filter>07. GUI\ThirdParty</Filter>
    </ClCompile>
    <ClCompile Include="imgui\imgui_tables.cpp">
      <Filter>07. GUI\ThirdParty</Filter>
    </ClCompile>
    <ClCompile Include="imgui\imgui_widgets.cpp">
      <Filter>07. GUI\ThirdParty</Filter>
    </ClCompile>
    <ClCompile Include="Colors.cpp">
      <Filter>99. Base</Filter>
    </ClCompile>
    <ClCompile Include="ImGuiHelper.cpp">
      <Filter>07. GUI\GuiHelper</Filter>
    </ClCompile>
    <ClCompile Include="Timer.cpp">
      <Filter>04. Timer</Filter>
    </ClCompile>
    <ClCompile Include="EngineAlgorithm.cpp">
      <Filter>98. Utiles</Filter>
    </ClCompile>
    <ClCompile Include="EngineCore.cpp">
      <Filter>02. Engine</Filter>
    </ClCompile>
    <ClCompile Include="Scene.cpp">
      <Filter>09. Scene</Filter>
    </ClCompile>
    <ClCompile Include="TypeID.cpp">
      <Filter>98. Utiles\TypeID</Filter>
    </ClCompile>
    <ClCompile Include="EngineMath.cpp">
      <Filter>98. Utiles</Filter>
    </ClCompile>
    <ClCompile Include="Sprite.cpp">
      <Filter>08. Resource\Sprite</Filter>
    </ClCompile>
    <ClCompile Include="Flipbook.cpp">
      <Filter>08. Resource\Flipbook</Filter>
    </ClCompile>
    <ClCompile Include="SceneManager.cpp">
      <Filter>09. Scene\Core</Filter>
    </ClCompile>
    <ClCompile Include="ResourceManager.cpp">
      <Filter>08. Resource\Core</Filter>
    </ClCompile>
    <ClCompile Include="Log.cpp">
      <Filter>97. Log</Filter>
    </ClCompile>
    <ClCompile Include="EnginePch.cpp">
      <Filter>99. Base</Filter>
    </ClCompile>
    <ClCompile Include="GameWindow.cpp">
      <Filter>03. Windows</Filter>
    </ClCompile>
    <ClCompile Include="WindowProc.cpp">
      <Filter>03. Windows</Filter>
    </ClCompile>
    <ClCompile Include="Input.cpp">
      <Filter>05. Input</Filter>
    </ClCompile>
    <ClCompile Include="Renderer.cpp">
      <Filter>06. Renderer\Core</Filter>
    </ClCompile>
    <ClCompile Include="Pipeline.cpp">
      <Filter>06. Renderer\Pipeline</Filter>
    </ClCompile>
    <ClCompile Include="RenderStatePool.cpp">
      <Filter>06. Renderer\RenderState</Filter>
    </ClCompile>
    <ClCompile Include="VertexBuffer.cpp">
      <Filter>06. Renderer\Geometry\VertexBuffer</Filter>
    </ClCompile>
    <ClCompile Include="IndexBuffer.cpp">
      <Filter>06. Renderer\Geometry\IndexBuffer</Filter>
    </ClCompile>
    <ClCompile Include="Geometry.cpp">
      <Filter>06. Renderer\Geometry</Filter>
    </ClCompile>
    <ClCompile Include="VertexShader.cpp">
      <Filter>06. Renderer\Shader\VertexShader</Filter>
    </ClCompile>
    <ClCompile Include="PixelShader.cpp">
      <Filter>06. Renderer\Shader\PixelShader</Filter>
    </ClCompile>
    <ClCompile Include="ConstantBuffer.cpp">
      <Filter>06. Renderer\ConstantBuffer</Filter>
    </ClCompile>
    <ClCompile Include="VertexData.cpp">
      <Filter>06. Renderer\VertexData</Filter>
    </ClCompile>
    <ClCompile Include="Shader.cpp">
      <Filter>06. Renderer\Shader</Filter>
    </ClCompile>
    <ClCompile Include="Viewport.cpp">
      <Filter>06. Renderer\Viewport</Filter>
    </ClCompile>
    <ClCompile Include="ConstantBufferBase.cpp">
      <Filter>06. Renderer\ConstantBuffer</Filter>
    </ClCompile>
    <ClCompile Include="GuiRenderer.cpp">
      <Filter>07. GUI\Core</Filter>
    </ClCompile>
    <ClCompile Include="Gui.cpp">
      <Filter>07. GUI\Gui</Filter>
    </ClCompile>
    <ClCompile Include="Texture.cpp">
      <Filter>08. Resource\Texture</Filter>
    </ClCompile>
    <ClCompile Include="ConstantBufferPool.cpp">
      <Filter>06. Renderer\ConstantBuffer</Filter>
    </ClCompile>
    <ClCompile Include="Types.cpp">
      <Filter>99. Base</Filter>
    </ClCompile>
    <ClCompile Include="ConstantBufferData.cpp">
      <Filter>06. Renderer\ConstantBuffer</Filter>
    </ClCompile>
    <ClCompile Include="ResourceBase.cpp">
      <Filter>08. Resource\Core</Filter>
    </ClCompile>
    <ClCompile Include="ShaderSet.cpp">
      <Filter>08. Resource\ShaderProgram</Filter>
    </ClCompile>
    <ClCompile Include="BatchSystem.cpp">
      <Filter>98. Utiles</Filter>
    </ClCompile>
    <ClCompile Include="Pointer.cpp">
      <Filter>99. Base</Filter>
    </ClCompile>
    <ClCompile Include="EngineViewer.cpp">
      <Filter>96. EngineViewer</Filter>
    </ClCompile>
    <ClCompile Include="GuiFrame.cpp">
      <Filter>07. GUI\GuiFrame</Filter>
    </ClCompile>
    <ClCompile Include="EngineVoidPopup.cpp">
      <Filter>96. EngineViewer\EngineVoidPopup</Filter>
    </ClCompile>
    <ClCompile Include="EngineDebugViewer.cpp">
      <Filter>96. EngineViewer\EngineDebugViewer</Filter>
    </ClCompile>
    <ClCompile Include="SystemMonitor.cpp">
      <Filter>95. SystemMonior</Filter>
    </ClCompile>
    <ClCompile Include="JsonOverload.cpp">
      <Filter>98. Utiles</Filter>
    </ClCompile>
    <ClCompile Include="EngineOverlay.cpp">
      <Filter>96. EngineViewer\EngineOverlay</Filter>
    </ClCompile>
    <ClCompile Include="EngineSceneEditor.cpp">
      <Filter>96. EngineViewer\EngineSceneEditor</Filter>
    </ClCompile>
    <ClCompile Include="ConfigBase.cpp">
      <Filter>94. ConfigEngine</Filter>
    </ClCompile>
    <ClCompile Include="EngineLogViewer.cpp">
      <Filter>96. EngineViewer\EngineLogViewer</Filter>
    </ClCompile>
    <ClCompile Include="ConfigEngine.cpp">
      <Filter>94. ConfigEngine</Filter>
    </ClCompile>
    <ClCompile Include="RenderState.cpp">
      <Filter>06. Renderer\RenderState</Filter>
    </ClCompile>
    <ClCompile Include="GeometryRender.cpp">
      <Filter>11. Component</Filter>
    </ClCompile>
    <ClCompile Include="Name.cpp">
      <Filter>11. Component</Filter>
    </ClCompile>
    <ClCompile Include="Camera.cpp">
      <Filter>11. Component</Filter>
    </ClCompile>
    <ClCompile Include="Transform.cpp">
      <Filter>11. Component</Filter>
    </ClCompile>
    <ClCompile Include="SpriteRender.cpp">
      <Filter>11. Component</Filter>
    </ClCompile>
    <ClCompile Include="FlipbookRender.cpp">
      <Filter>11. Component</Filter>
    </ClCompile>
    <ClCompile Include="GameEntity.cpp">
      <Filter>10. GameEntity</Filter>
    </ClCompile>
    <ClCompile Include="FlipbookRenderSystem.cpp">
      <Filter>12. System</Filter>
    </ClCompile>
    <ClCompile Include="GeometryRenderSystem.cpp">
      <Filter>12. System</Filter>
    </ClCompile>
    <ClCompile Include="PrimitiveGeometry.cpp">
      <Filter>12. System</Filter>
    </ClCompile>
    <ClCompile Include="SpriteRenderSystem.cpp">
      <Filter>12. System</Filter>
    </ClCompile>
  </ItemGroup>
  <ItemGroup>
    <None Include="..\CommonResource\Shader\1. SimpleColorShader.hlsli">
      <Filter>08. Resource\CommonShader</Filter>
    </None>
    <None Include="..\CommonResource\Shader\2. SimpleTexShader.hlsli">
      <Filter>08. Resource\CommonShader</Filter>
    </None>
    <None Include="..\CommonResource\Shader\3. SimpleTexSpriteShader.hlsli">
      <Filter>08. Resource\CommonShader</Filter>
    </None>
  </ItemGroup>
</Project>